{
  "nodes": {
    "atw-kernel": {
      "flake": false,
      "locked": {
        "lastModified": 1673402843,
        "narHash": "sha256-ujKgbtiEBnogz+Eyd/dGQ5iXjNpuE3UgrEpaG1GIcGw=",
        "owner": "yodalf",
        "repo": "linux-atw-5.10.162",
        "rev": "7aef4fe10c79ebbfcc687da5153ac76fc2f5689f",
        "type": "github"
      },
      "original": {
        "owner": "yodalf",
        "ref": "main",
        "repo": "linux-atw-5.10.162",
        "type": "github"
      }
    },
    "nixlib": {
      "locked": {
        "lastModified": 1636849918,
        "narHash": "sha256-nzUK6dPcTmNVrgTAC1EOybSMsrcx+QrVPyqRdyKLkjA=",
        "owner": "nix-community",
        "repo": "nixpkgs.lib",
        "rev": "28a5b0557f14124608db68d3ee1f77e9329e9dd5",
        "type": "github"
      },
      "original": {
        "owner": "nix-community",
        "repo": "nixpkgs.lib",
        "type": "github"
      }
    },
    "nixos-generators": {
      "inputs": {
        "nixlib": "nixlib",
        "nixpkgs": [
          "nixpkgs"
        ]
      },
      "locked": {
        "lastModified": 1672682641,
        "narHash": "sha256-940TLvtdT8YKuP5nXcPhUfNeK0A/leSjjG8hfqvWM84=",
        "owner": "nix-community",
        "repo": "nixos-generators",
        "rev": "30516cb2b01896e14ce66893e414b6e3eec71cac",
        "type": "github"
      },
      "original": {
        "owner": "nix-community",
        "repo": "nixos-generators",
        "type": "github"
      }
    },
    "nixpkgs": {
      "locked": {
        "lastModified": 1673435251,
        "narHash": "sha256-slcWQtwJBLprSvNODsH/CkpjV7Hx/ByMGkuGmBr65Bw=",
        "owner": "NixOS",
        "repo": "nixpkgs",
        "rev": "0abc5480edcab69f26e1bdd5f7ee82890cfe273f",
        "type": "github"
      },
      "original": {
        "owner": "NixOS",
        "ref": "nixos-unstable-small",
        "repo": "nixpkgs",
        "type": "github"
      }
    },
    "root": {
      "inputs": {
        "atw-kernel": "atw-kernel",
        "nixos-generators": "nixos-generators",
        "nixpkgs": "nixpkgs"
      }
    }
  },
  "root": "root",
  "version": 7
}
