{
  "nodes": {
    "atw-kernel": {
      "flake": false,
      "locked": {
        "lastModified": 1673398865,
        "narHash": "sha256-2nyBnrkucIoCx+swrIPj+EfkyvF1sI7NhAoUi0y2+Pg=",
        "owner": "yodalf",
        "repo": "linux-atw-5.10.162",
        "rev": "d420beb6866cd32e82911de3ce58115b53f5b6f7",
        "type": "github"
      },
      "original": {
        "owner": "yodalf",
        "ref": "main",
        "repo": "linux-atw-5.10.162",
        "type": "github"
      }
    },
    "nixlib": {
      "locked": {
        "lastModified": 1636849918,
        "narHash": "sha256-nzUK6dPcTmNVrgTAC1EOybSMsrcx+QrVPyqRdyKLkjA=",
        "owner": "nix-community",
        "repo": "nixpkgs.lib",
        "rev": "28a5b0557f14124608db68d3ee1f77e9329e9dd5",
        "type": "github"
      },
      "original": {
        "owner": "nix-community",
        "repo": "nixpkgs.lib",
        "type": "github"
      }
    },
    "nixos-generators": {
      "inputs": {
        "nixlib": "nixlib",
        "nixpkgs": [
          "nixpkgs"
        ]
      },
      "locked": {
        "lastModified": 1672682641,
        "narHash": "sha256-940TLvtdT8YKuP5nXcPhUfNeK0A/leSjjG8hfqvWM84=",
        "owner": "nix-community",
        "repo": "nixos-generators",
        "rev": "30516cb2b01896e14ce66893e414b6e3eec71cac",
        "type": "github"
      },
      "original": {
        "owner": "nix-community",
        "repo": "nixos-generators",
        "type": "github"
      }
    },
    "nixpkgs": {
      "locked": {
        "lastModified": 1673296385,
        "narHash": "sha256-zlDgiHh0k1GtB8g6wrBzWBDZIBoCNYXfI5+qWE5Rrjk=",
        "owner": "NixOS",
        "repo": "nixpkgs",
        "rev": "92c151047e978f2e6abc809c20fb701b5b2d78b0",
        "type": "github"
      },
      "original": {
        "owner": "NixOS",
        "ref": "nixos-unstable-small",
        "repo": "nixpkgs",
        "type": "github"
      }
    },
    "root": {
      "inputs": {
        "atw-kernel": "atw-kernel",
        "nixos-generators": "nixos-generators",
        "nixpkgs": "nixpkgs"
      }
    }
  },
  "root": "root",
  "version": 7
}
